# THIS IS AN AUTOGENERATED FILE. DO NOT EDIT THIS FILE DIRECTLY.
# yarn lockfile v1


"@warren-bank/node-denodeify@^2.0.3":
  version "2.0.3"
  resolved "https://registry.yarnpkg.com/@warren-bank/node-denodeify/-/node-denodeify-2.0.3.tgz#ee9e23a9fb4b0d816ae1b27849d068cf2bbd0770"
  integrity sha512-97X2LbgoE2QyPh8A5v1T2NlrYVXcuBsgbI1GmuGkLttA0FLYZ+PO+ab7+jc9hFMYNspCzMkGNg49zqnN+iAfKA==

"@warren-bank/node-request@^2.0.1":
  version "2.0.3"
  resolved "https://registry.yarnpkg.com/@warren-bank/node-request/-/node-request-2.0.3.tgz#55a77c10095a3ad4b4c52318b03abe4403b8b850"
  integrity sha512-+jkdB1ojSlMKJNyP0x7yAl6AUxJihv+UD2bBm7RUbi3UZvTOeN5agzNIqz1Ihu5AeLR06TDXPAxSmZrlaYatjw==
  dependencies:
    "@warren-bank/node-denodeify" "^2.0.3"
    tough-cookie "^3.0.1"
    tough-cookie-filestore2 "^1.0.0"

ip-regex@^2.1.0:
  version "2.1.0"
  resolved "https://registry.yarnpkg.com/ip-regex/-/ip-regex-2.1.0.tgz#fa78bf5d2e6913c911ce9f819ee5146bb6d844e9"
  integrity sha1-+ni/XS5pE8kRzp+BnuUUa7bYROk=

psl@^1.1.28:
  version "1.8.0"
  resolved "https://registry.yarnpkg.com/psl/-/psl-1.8.0.tgz#9326f8bcfb013adcc005fdff056acce020e51c24"
  integrity sha512-RIdOzyoavK+hA18OGGWDqUTsCLhtA7IcZ/6NCs4fFJaHBDab+pDDmDIByWFRQJq2Cd7r1OoQxBGKOaztq+hjIQ==

punycode@^2.1.1:
  version "2.1.1"
  resolved "https://registry.yarnpkg.com/punycode/-/punycode-2.1.1.tgz#b58b010ac40c22c5657616c8d2c2c02c7bf479ec"
  integrity sha512-XRsRjdf+j5ml+y/6GKHPZbrF/8p2Yga0JPtdqTIY2Xe5ohJPD9saDJJLPvp9+NSBprVvevdXZybnj2cv8OEd0A==

tough-cookie-filestore2@^1.0.0:
  version "1.0.0"
  resolved "https://registry.yarnpkg.com/tough-cookie-filestore2/-/tough-cookie-filestore2-1.0.0.tgz#c82848c5234c50b87bb16572f89a89863b84f32a"
  integrity sha512-2/p7yiS7CBura7JzfCO72iuWNRbB2ot/Hz4VtiP6qcrgvYXUbeiyEUf6fz8i9gWvzOad83gOUCtg5PtLpErZug==
  dependencies:
    tough-cookie "^2.3.3"

tough-cookie@^2.3.3:
  version "2.5.0"
  resolved "https://registry.yarnpkg.com/tough-cookie/-/tough-cookie-2.5.0.tgz#cd9fb2a0aa1d5a12b473bd9fb96fa3dcff65ade2"
  integrity sha512-nlLsUzgm1kfLXSXfRZMc1KLAugd4hqJHDTvc2hDIwS3mZAfMEuMbc03SujMF+GEcpaX/qboeycw6iO8JwVv2+g==
  dependencies:
    psl "^1.1.28"
    punycode "^2.1.1"

tough-cookie@^3.0.1:
  version "3.0.1"
  resolved "https://registry.yarnpkg.com/tough-cookie/-/tough-cookie-3.0.1.tgz#9df4f57e739c26930a018184887f4adb7dca73b2"
  integrity sha512-yQyJ0u4pZsv9D4clxO69OEjLWYw+jbgspjTue4lTQZLfV0c5l1VmK2y1JK8E9ahdpltPOaAThPcp5nKPUgSnsg==
  dependencies:
    ip-regex "^2.1.0"
    psl "^1.1.28"
    punycode "^2.1.1"
